
Microsoft Visual Studio Solution File, Format Version 12.00
# Visual Studio Version 17
VisualStudioVersion = 17.0.32002.185
MinimumVisualStudioVersion = 10.0.40219.1
Project("{FAE04EC0-301F-11D3-BF4B-00C04F79EFBC}") = "eShop", "eShop\eShop.csproj", "{5D1E3A2F-8618-464B-96E1-117F4D7FA3DD}"
EndProject
Global
	GlobalSection(SolutionConfigurationPlatforms) = preSolution
		Debug|Any CPU = Debug|Any CPU
		Release|Any CPU = Release|Any CPU
	EndGlobalSection
	GlobalSection(ProjectConfigurationPlatforms) = postSolution
		{5D1E3A2F-8618-464B-96E1-117F4D7FA3DD}.Debug|Any CPU.ActiveCfg = Debug|Any CPU
		{5D1E3A2F-8618-464B-96E1-117F4D7FA3DD}.Debug|Any CPU.Build.0 = Debug|Any CPU
		{5D1E3A2F-8618-464B-96E1-117F4D7FA3DD}.Release|Any CPU.ActiveCfg = Release|Any CPU
		{5D1E3A2F-8618-464B-96E1-117F4D7FA3DD}.Release|Any CPU.Build.0 = Release|Any CPU
	EndGlobalSection
	GlobalSection(SolutionProperties) = preSolution
		HideSolutionNode = FALSE
	EndGlobalSection
	GlobalSection(ExtensibilityGlobals) = postSolution
		SolutionGuid = {32ACB3A2-B4F2-4010-96D2-4A1E3F3CF6A0}
	EndGlobalSection
EndGlobal
